
Microsoft Visual Studio Solution File, Format Version 12.00
# Visual Studio Version 17
VisualStudioVersion = 17.1.32210.238
MinimumVisualStudioVersion = 10.0.40219.1
Project("{FAE04EC0-301F-11D3-BF4B-00C04F79EFBC}") = "TASK 2 25March", "TASK 2 25March\TASK 2 25March.csproj", "{D6EF2648-B8A8-42A3-BA5E-39EB1731CFD7}"
EndProject
Global
	GlobalSection(SolutionConfigurationPlatforms) = preSolution
		Debug|Any CPU = Debug|Any CPU
		Release|Any CPU = Release|Any CPU
	EndGlobalSection
	GlobalSection(ProjectConfigurationPlatforms) = postSolution
		{D6EF2648-B8A8-42A3-BA5E-39EB1731CFD7}.Debug|Any CPU.ActiveCfg = Debug|Any CPU
		{D6EF2648-B8A8-42A3-BA5E-39EB1731CFD7}.Debug|Any CPU.Build.0 = Debug|Any CPU
		{D6EF2648-B8A8-42A3-BA5E-39EB1731CFD7}.Release|Any CPU.ActiveCfg = Release|Any CPU
		{D6EF2648-B8A8-42A3-BA5E-39EB1731CFD7}.Release|Any CPU.Build.0 = Release|Any CPU
	EndGlobalSection
	GlobalSection(SolutionProperties) = preSolution
		HideSolutionNode = FALSE
	EndGlobalSection
	GlobalSection(ExtensibilityGlobals) = postSolution
		SolutionGuid = {C6FE83D3-ED2E-48BB-B29E-45296CBCBC49}
	EndGlobalSection
EndGlobal
